{
  "name": "@toolsplus/forge-trpc-link",
  "version": "0.0.0-development",
  "lockfileVersion": 3,
  "requires": true,
  "packages": {
    "": {
      "name": "@toolsplus/forge-trpc-link",
      "version": "0.0.0-development",
      "license": "MIT",
      "dependencies": {
        "@forge/bridge": "^3.3.0",
        "@toolsplus/forge-trpc-protocol": "0.0.0-development",
        "@trpc/client": "^11.0.0-rc.502",
        "@trpc/server": "^11.0.0-rc.502",
        "tslib": "^2.3.0"
      }
    },
    "node_modules/@forge/bridge": {
      "version": "3.5.0",
      "resolved": "http://localhost:4873/@forge/bridge/-/bridge-3.5.0.tgz",
      "integrity": "sha512-g7XoM50giYsRNU5nJQthOzmtvO4qxyhIC2jklYCOiCntWCee79gAzxareeNNmEggXGXqoDUZpa20ipTk+bryFA==",
      "license": "UNLICENSED",
      "dependencies": {
        "@types/history": "^4.7.11"
      }
    },
    "node_modules/@toolsplus/forge-trpc-protocol": {
      "version": "0.0.0-development",
      "resolved": "http://localhost:4873/@toolsplus/forge-trpc-protocol/-/forge-trpc-protocol-0.0.0-development.tgz",
      "integrity": "sha512-U/y++1FhgPwWTTWFTII5ULaaOeYnQNwGENrYBNUOwlTCY385vk3co/t4Z2AM76HFVoD7hik21As2DQuFIsX89Q==",
      "license": "MIT",
      "dependencies": {
        "io-ts": "^2.2.20",
        "tslib": "^2.3.0"
      }
    },
    "node_modules/@trpc/client": {
      "version": "11.0.0-rc.502",
      "resolved": "http://localhost:4873/@trpc/client/-/client-11.0.0-rc.502.tgz",
      "integrity": "sha512-ysFQ3wHnjzLcAqeuwx9/B/YV+2XN/kmfAdTUG+O/SUAdP2wAwo6XbhOxlHw0HWS5pDCsTfJkxDr1nMVkuFM07Q==",
      "funding": [
        "https://trpc.io/sponsor"
      ],
      "license": "MIT",
      "peerDependencies": {
        "@trpc/server": "11.0.0-rc.502+2a8c56027"
      }
    },
    "node_modules/@trpc/server": {
      "version": "11.0.0-rc.502",
      "resolved": "http://localhost:4873/@trpc/server/-/server-11.0.0-rc.502.tgz",
      "integrity": "sha512-n6B8Q/UqF+hFXyCTXq9AWSn6EkXBbVo/Bs7/QzZxe5KD5CdnBomC7A1y6Qr+i0eiOWwTHJZQ0az+gJetb2fdxw==",
      "funding": [
        "https://trpc.io/sponsor"
      ],
      "license": "MIT"
    },
    "node_modules/@types/history": {
      "version": "4.7.11",
      "resolved": "http://localhost:4873/@types/history/-/history-4.7.11.tgz",
      "integrity": "sha512-qjDJRrmvBMiTx+jyLxvLfJU7UznFuokDv4f3WRuriHKERccVpFU+8XMQUAbDzoiJCsmexxRExQeMwwCdamSKDA==",
      "license": "MIT"
    },
    "node_modules/fp-ts": {
      "version": "2.16.9",
      "resolved": "http://localhost:4873/fp-ts/-/fp-ts-2.16.9.tgz",
      "integrity": "sha512-+I2+FnVB+tVaxcYyQkHUq7ZdKScaBlX53A41mxQtpIccsfyv8PzdzP7fzp2AY832T4aoK6UZ5WRX/ebGd8uZuQ==",
      "license": "MIT",
      "peer": true
    },
    "node_modules/io-ts": {
      "version": "2.2.21",
      "resolved": "http://localhost:4873/io-ts/-/io-ts-2.2.21.tgz",
      "integrity": "sha512-zz2Z69v9ZIC3mMLYWIeoUcwWD6f+O7yP92FMVVaXEOSZH1jnVBmET/urd/uoarD1WGBY4rCj8TAyMPzsGNzMFQ==",
      "license": "MIT",
      "peerDependencies": {
        "fp-ts": "^2.5.0"
      }
    },
    "node_modules/tslib": {
      "version": "2.7.0",
      "resolved": "http://localhost:4873/tslib/-/tslib-2.7.0.tgz",
      "integrity": "sha512-gLXCKdN1/j47AiHiOkJN69hJmcbGTHI0ImLmbYLHykhgeN0jVGola9yVjFgzCUklsZQMW55o+dW7IXv3RCXDzA==",
      "license": "0BSD"
    }
  }
}
